flarum-lock:

  ##
  # UNIQUE KEYS - The following keys are used in only one location each.
  ##

  # Strings in this namespace are used by the admin interface.
  admin:

    # These strings are used in the Permissions page of the admin interface.
    permissions:
      lock_discussions_label: 锁定话题

  # Strings in this namespace are used by the forum user interface.
  forum:

    # These strings are displayed as tooltips for discussion badges.
    badge:
      locked_tooltip: 已锁定

    # These strings are used by the discussion control buttons.
    discussion_controls:
      lock_button: 锁定
      unlock_button: 解锁

    # These strings are used by the Notifications dropdown, a.k.a. "the bell".
    notifications:
      discussion_locked_text: "{username} 已锁定"

    # These strings are displayed between posts in the post stream.
    post_stream:
      discussion_locked_text: "{username} 锁定了此话题"
      discussion_unlocked_text: "{username} 解锁了此话题"

    # These strings are used in the Settings page.
    settings:
      notify_discussion_locked_label: 有人锁定了我开启的话题
